// !$*UTF8*$!
{
	archiveVersion = 1;
	classes = {
	};
	objectVersion = 46;
	objects = {

/* Begin PBXBuildFile section */
		2517C4021D2664D100BAB087 /* IngredienteViewController.swift in Sources */ = {isa = PBXBuildFile; fileRef = 2517C4011D2664D100BAB087 /* IngredienteViewController.swift */; };
		2517C4041D2667A800BAB087 /* ResumenViewController.swift in Sources */ = {isa = PBXBuildFile; fileRef = 2517C4031D2667A800BAB087 /* ResumenViewController.swift */; };
		2517C4061D267AE300BAB087 /* FinViewController.swift in Sources */ = {isa = PBXBuildFile; fileRef = 2517C4051D267AE300BAB087 /* FinViewController.swift */; };
		2577F8081D265AD300F4B243 /* MasaViewController.swift in Sources */ = {isa = PBXBuildFile; fileRef = 2577F8071D265AD300F4B243 /* MasaViewController.swift */; };
		2577F80A1D265E2300F4B243 /* QuesoViewController.swift in Sources */ = {isa = PBXBuildFile; fileRef = 2577F8091D265E2300F4B243 /* QuesoViewController.swift */; };
		2583307D1D256E9500AE6E98 /* TamanoViewController.swift in Sources */ = {isa = PBXBuildFile; fileRef = 2583307C1D256E9500AE6E98 /* TamanoViewController.swift */; };
		2583307F1D25D47700AE6E98 /* Pizza.swift in Sources */ = {isa = PBXBuildFile; fileRef = 2583307E1D25D47700AE6E98 /* Pizza.swift */; };
		25D1CD171D1F031E002DCD40 /* AppDelegate.swift in Sources */ = {isa = PBXBuildFile; fileRef = 25D1CD161D1F031E002DCD40 /* AppDelegate.swift */; };
		25D1CD191D1F031E002DCD40 /* ViewController.swift in Sources */ = {isa = PBXBuildFile; fileRef = 25D1CD181D1F031E002DCD40 /* ViewController.swift */; };
		25D1CD1C1D1F031E002DCD40 /* Main.storyboard in Resources */ = {isa = PBXBuildFile; fileRef = 25D1CD1A1D1F031E002DCD40 /* Main.storyboard */; };
		25D1CD1F1D1F031E002DCD40 /* CrearUnaPizza.xcdatamodeld in Sources */ = {isa = PBXBuildFile; fileRef = 25D1CD1D1D1F031E002DCD40 /* CrearUnaPizza.xcdatamodeld */; };
		25D1CD211D1F031E002DCD40 /* Assets.xcassets in Resources */ = {isa = PBXBuildFile; fileRef = 25D1CD201D1F031E002DCD40 /* Assets.xcassets */; };
		25D1CD241D1F031E002DCD40 /* LaunchScreen.storyboard in Resources */ = {isa = PBXBuildFile; fileRef = 25D1CD221D1F031E002DCD40 /* LaunchScreen.storyboard */; };
/* End PBXBuildFile section */

/* Begin PBXFileReference section */
		2517C4011D2664D100BAB087 /* IngredienteViewController.swift */ = {isa = PBXFileReference; fileEncoding = 4; lastKnownFileType = sourcecode.swift; path = IngredienteViewController.swift; sourceTree = "<group>"; };
		2517C4031D2667A800BAB087 /* ResumenViewController.swift */ = {isa = PBXFileReference; fileEncoding = 4; lastKnownFileType = sourcecode.swift; path = ResumenViewController.swift; sourceTree = "<group>"; };
		2517C4051D267AE300BAB087 /* FinViewController.swift */ = {isa = PBXFileReference; fileEncoding = 4; lastKnownFileType = sourcecode.swift; path = FinViewController.swift; sourceTree = "<group>"; };
		2577F8071D265AD300F4B243 /* MasaViewController.swift */ = {isa = PBXFileReference; fileEncoding = 4; lastKnownFileType = sourcecode.swift; path = MasaViewController.swift; sourceTree = "<group>"; };
		2577F8091D265E2300F4B243 /* QuesoViewController.swift */ = {isa = PBXFileReference; fileEncoding = 4; lastKnownFileType = sourcecode.swift; path = QuesoViewController.swift; sourceTree = "<group>"; };
		2583307C1D256E9500AE6E98 /* TamanoViewController.swift */ = {isa = PBXFileReference; fileEncoding = 4; lastKnownFileType = sourcecode.swift; path = TamanoViewController.swift; sourceTree = "<group>"; };
		2583307E1D25D47700AE6E98 /* Pizza.swift */ = {isa = PBXFileReference; fileEncoding = 4; lastKnownFileType = sourcecode.swift; path = Pizza.swift; sourceTree = "<group>"; };
		25D1CD131D1F031E002DCD40 /* CrearUnaPizza.app */ = {isa = PBXFileReference; explicitFileType = wrapper.application; includeInIndex = 0; path = CrearUnaPizza.app; sourceTree = BUILT_PRODUCTS_DIR; };
		25D1CD161D1F031E002DCD40 /* AppDelegate.swift */ = {isa = PBXFileReference; lastKnownFileType = sourcecode.swift; path = AppDelegate.swift; sourceTree = "<group>"; };
		25D1CD181D1F031E002DCD40 /* ViewController.swift */ = {isa = PBXFileReference; lastKnownFileType = sourcecode.swift; path = ViewController.swift; sourceTree = "<group>"; };
		25D1CD1B1D1F031E002DCD40 /* Base */ = {isa = PBXFileReference; lastKnownFileType = file.storyboard; name = Base; path = Base.lproj/Main.storyboard; sourceTree = "<group>"; };
		25D1CD1E1D1F031E002DCD40 /* CrearUnaPizza.xcdatamodel */ = {isa = PBXFileReference; lastKnownFileType = wrapper.xcdatamodel; path = CrearUnaPizza.xcdatamodel; sourceTree = "<group>"; };
		25D1CD201D1F031E002DCD40 /* Assets.xcassets */ = {isa = PBXFileReference; lastKnownFileType = folder.assetcatalog; path = Assets.xcassets; sourceTree = "<group>"; };
		25D1CD231D1F031E002DCD40 /* Base */ = {isa = PBXFileReference; lastKnownFileType = file.storyboard; name = Base; path = Base.lproj/LaunchScreen.storyboard; sourceTree = "<group>"; };
		25D1CD251D1F031E002DCD40 /* Info.plist */ = {isa = PBXFileReference; lastKnownFileType = text.plist.xml; path = Info.plist; sourceTree = "<group>"; };
/* End PBXFileReference section */

/* Begin PBXFrameworksBuildPhase section */
		25D1CD101D1F031E002DCD40 /* Frameworks */ = {
			isa = PBXFrameworksBuildPhase;
			buildActionMask = 2147483647;
			files = (
			);
			runOnlyForDeploymentPostprocessing = 0;
		};
/* End PBXFrameworksBuildPhase section */

/* Begin PBXGroup section */
		25D1CD0A1D1F031E002DCD40 = {
			isa = PBXGroup;
			children = (
				25D1CD151D1F031E002DCD40 /* CrearUnaPizza */,
				25D1CD141D1F031E002DCD40 /* Products */,
			);
			sourceTree = "<group>";
		};
		25D1CD141D1F031E002DCD40 /* Products */ = {
			isa = PBXGroup;
			children = (
				25D1CD131D1F031E002DCD40 /* CrearUnaPizza.app */,
			);
			name = Products;
			sourceTree = "<group>";
		};
		25D1CD151D1F031E002DCD40 /* CrearUnaPizza */ = {
			isa = PBXGroup;
			children = (
				25D1CD161D1F031E002DCD40 /* AppDelegate.swift */,
				25D1CD181D1F031E002DCD40 /* ViewController.swift */,
				25D1CD1A1D1F031E002DCD40 /* Main.storyboard */,
				25D1CD201D1F031E002DCD40 /* Assets.xcassets */,
				25D1CD221D1F031E002DCD40 /* LaunchScreen.storyboard */,
				25D1CD251D1F031E002DCD40 /* Info.plist */,
				25D1CD1D1D1F031E002DCD40 /* CrearUnaPizza.xcdatamodeld */,
				2583307C1D256E9500AE6E98 /* TamanoViewController.swift */,
				2583307E1D25D47700AE6E98 /* Pizza.swift */,
				2577F8071D265AD300F4B243 /* MasaViewController.swift */,
				2577F8091D265E2300F4B243 /* QuesoViewController.swift */,
				2517C4011D2664D100BAB087 /* IngredienteViewController.swift */,
				2517C4031D2667A800BAB087 /* ResumenViewController.swift */,
				2517C4051D267AE300BAB087 /* FinViewController.swift */,
			);
			path = CrearUnaPizza;
			sourceTree = "<group>";
		};
/* End PBXGroup section */

/* Begin PBXNativeTarget section */
		25D1CD121D1F031E002DCD40 /* CrearUnaPizza */ = {
			isa = PBXNativeTarget;
			buildConfigurationList = 25D1CD281D1F031E002DCD40 /* Build configuration list for PBXNativeTarget "CrearUnaPizza" */;
			buildPhases = (
				25D1CD0F1D1F031E002DCD40 /* Sources */,
				25D1CD101D1F031E002DCD40 /* Frameworks */,
				25D1CD111D1F031E002DCD40 /* Resources */,
			);
			buildRules = (
			);
			dependencies = (
			);
			name = CrearUnaPizza;
			productName = CrearUnaPizza;
			productReference = 25D1CD131D1F031E002DCD40 /* CrearUnaPizza.app */;
			productType = "com.apple.product-type.application";
		};
/* End PBXNativeTarget section */

/* Begin PBXProject section */
		25D1CD0B1D1F031E002DCD40 /* Project object */ = {
			isa = PBXProject;
			attributes = {
				LastSwiftUpdateCheck = 0730;
				LastUpgradeCheck = 0730;
				ORGANIZATIONNAME = "Timo Siegle";
				TargetAttributes = {
					25D1CD121D1F031E002DCD40 = {
						CreatedOnToolsVersion = 7.3.1;
					};
				};
			};
			buildConfigurationList = 25D1CD0E1D1F031E002DCD40 /* Build configuration list for PBXProject "CrearUnaPizza" */;
			compatibilityVersion = "Xcode 3.2";
			developmentRegion = English;
			hasScannedForEncodings = 0;
			knownRegions = (
				en,
				Base,
			);
			mainGroup = 25D1CD0A1D1F031E002DCD40;
			productRefGroup = 25D1CD141D1F031E002DCD40 /* Products */;
			projectDirPath = "";
			projectRoot = "";
			targets = (
				25D1CD121D1F031E002DCD40 /* CrearUnaPizza */,
			);
		};
/* End PBXProject section */

/* Begin PBXResourcesBuildPhase section */
		25D1CD111D1F031E002DCD40 /* Resources */ = {
			isa = PBXResourcesBuildPhase;
			buildActionMask = 2147483647;
			files = (
				25D1CD241D1F031E002DCD40 /* LaunchScreen.storyboard in Resources */,
				25D1CD211D1F031E002DCD40 /* Assets.xcassets in Resources */,
				25D1CD1C1D1F031E002DCD40 /* Main.storyboard in Resources */,
			);
			runOnlyForDeploymentPostprocessing = 0;
		};
/* End PBXResourcesBuildPhase section */

/* Begin PBXSourcesBuildPhase section */
		25D1CD0F1D1F031E002DCD40 /* Sources */ = {
			isa = PBXSourcesBuildPhase;
			buildActionMask = 2147483647;
			files = (
				2577F8081D265AD300F4B243 /* MasaViewController.swift in Sources */,
				2583307D1D256E9500AE6E98 /* TamanoViewController.swift in Sources */,
				2517C4061D267AE300BAB087 /* FinViewController.swift in Sources */,
				2577F80A1D265E2300F4B243 /* QuesoViewController.swift in Sources */,
				25D1CD191D1F031E002DCD40 /* ViewController.swift in Sources */,
				2517C4041D2667A800BAB087 /* ResumenViewController.swift in Sources */,
				25D1CD1F1D1F031E002DCD40 /* CrearUnaPizza.xcdatamodeld in Sources */,
				2583307F1D25D47700AE6E98 /* Pizza.swift in Sources */,
				25D1CD171D1F031E002DCD40 /* AppDelegate.swift in Sources */,
				2517C4021D2664D100BAB087 /* IngredienteViewController.swift in Sources */,
			);
			runOnlyForDeploymentPostprocessing = 0;
		};
/* End PBXSourcesBuildPhase section */

/* Begin PBXVariantGroup section */
		25D1CD1A1D1F031E002DCD40 /* Main.storyboard */ = {
			isa = PBXVariantGroup;
			children = (
				25D1CD1B1D1F031E002DCD40 /* Base */,
			);
			name = Main.storyboard;
			sourceTree = "<group>";
		};
		25D1CD221D1F031E002DCD40 /* LaunchScreen.storyboard */ = {
			isa = PBXVariantGroup;
			children = (
				25D1CD231D1F031E002DCD40 /* Base */,
			);
			name = LaunchScreen.storyboard;
			sourceTree = "<group>";
		};
/* End PBXVariantGroup section */

/* Begin XCBuildConfiguration section */
		25D1CD261D1F031E002DCD40 /* Debug */ = {
			isa = XCBuildConfiguration;
			buildSettings = {
				ALWAYS_SEARCH_USER_PATHS = NO;
				CLANG_ANALYZER_NONNULL = YES;
				CLANG_CXX_LANGUAGE_STANDARD = "gnu++0x";
				CLANG_CXX_LIBRARY = "libc++";
				CLANG_ENABLE_MODULES = YES;
				CLANG_ENABLE_OBJC_ARC = YES;
				CLANG_WARN_BOOL_CONVERSION = YES;
				CLANG_WARN_CONSTANT_CONVERSION = YES;
				CLANG_WARN_DIRECT_OBJC_ISA_USAGE = YES_ERROR;
				CLANG_WARN_EMPTY_BODY = YES;
				CLANG_WARN_ENUM_CONVERSION = YES;
				CLANG_WARN_INT_CONVERSION = YES;
				CLANG_WARN_OBJC_ROOT_CLASS = YES_ERROR;
				CLANG_WARN_UNREACHABLE_CODE = YES;
				CLANG_WARN__DUPLICATE_METHOD_MATCH = YES;
				"CODE_SIGN_IDENTITY[sdk=iphoneos*]" = "iPhone Developer";
				COPY_PHASE_STRIP = NO;
				DEBUG_INFORMATION_FORMAT = dwarf;
				ENABLE_STRICT_OBJC_MSGSEND = YES;
				ENABLE_TESTABILITY = YES;
				GCC_C_LANGUAGE_STANDARD = gnu99;
				GCC_DYNAMIC_NO_PIC = NO;
				GCC_NO_COMMON_BLOCKS = YES;
				GCC_OPTIMIZATION_LEVEL = 0;
				GCC_PREPROCESSOR_DEFINITIONS = (
					"DEBUG=1",
					"$(inherited)",
				);
				GCC_WARN_64_TO_32_BIT_CONVERSION = YES;
				GCC_WARN_ABOUT_RETURN_TYPE = YES_ERROR;
				GCC_WARN_UNDECLARED_SELECTOR = YES;
				GCC_WARN_UNINITIALIZED_AUTOS = YES_AGGRESSIVE;
				GCC_WARN_UNUSED_FUNCTION = YES;
				GCC_WARN_UNUSED_VARIABLE = YES;
				IPHONEOS_DEPLOYMENT_TARGET = 9.3;
				MTL_ENABLE_DEBUG_INFO = YES;
				ONLY_ACTIVE_ARCH = YES;
				SDKROOT = iphoneos;
				SWIFT_OPTIMIZATION_LEVEL = "-Onone";
			};
			name = Debug;
		};
		25D1CD271D1F031E002DCD40 /* Release */ = {
			isa = XCBuildConfiguration;
			buildSettings = {
				ALWAYS_SEARCH_USER_PATHS = NO;
				CLANG_ANALYZER_NONNULL = YES;
				CLANG_CXX_LANGUAGE_STANDARD = "gnu++0x";
				CLANG_CXX_LIBRARY = "libc++";
				CLANG_ENABLE_MODULES = YES;
				CLANG_ENABLE_OBJC_ARC = YES;
				CLANG_WARN_BOOL_CONVERSION = YES;
				CLANG_WARN_CONSTANT_CONVERSION = YES;
				CLANG_WARN_DIRECT_OBJC_ISA_USAGE = YES_ERROR;
				CLANG_WARN_EMPTY_BODY = YES;
				CLANG_WARN_ENUM_CONVERSION = YES;
				CLANG_WARN_INT_CONVERSION = YES;
				CLANG_WARN_OBJC_ROOT_CLASS = YES_ERROR;
				CLANG_WARN_UNREACHABLE_CODE = YES;
				CLANG_WARN__DUPLICATE_METHOD_MATCH = YES;
				"CODE_SIGN_IDENTITY[sdk=iphoneos*]" = "iPhone Developer";
				COPY_PHASE_STRIP = NO;
				DEBUG_INFORMATION_FORMAT = "dwarf-with-dsym";
				ENABLE_NS_ASSERTIONS = NO;
				ENABLE_STRICT_OBJC_MSGSEND = YES;
				GCC_C_LANGUAGE_STANDARD = gnu99;
				GCC_NO_COMMON_BLOCKS = YES;
				GCC_WARN_64_TO_32_BIT_CONVERSION = YES;
				GCC_WARN_ABOUT_RETURN_TYPE = YES_ERROR;
				GCC_WARN_UNDECLARED_SELECTOR = YES;
				GCC_WARN_UNINITIALIZED_AUTOS = YES_AGGRESSIVE;
				GCC_WARN_UNUSED_FUNCTION = YES;
				GCC_WARN_UNUSED_VARIABLE = YES;
				IPHONEOS_DEPLOYMENT_TARGET = 9.3;
				MTL_ENABLE_DEBUG_INFO = NO;
				SDKROOT = iphoneos;
				VALIDATE_PRODUCT = YES;
			};
			name = Release;
		};
		25D1CD291D1F031E002DCD40 /* Debug */ = {
			isa = XCBuildConfiguration;
			buildSettings = {
				ASSETCATALOG_COMPILER_APPICON_NAME = AppIcon;
				INFOPLIST_FILE = CrearUnaPizza/Info.plist;
				LD_RUNPATH_SEARCH_PATHS = "$(inherited) @executable_path/Frameworks";
				PRODUCT_BUNDLE_IDENTIFIER = ts.CrearUnaPizza;
				PRODUCT_NAME = "$(TARGET_NAME)";
			};
			name = Debug;
		};
		25D1CD2A1D1F031E002DCD40 /* Release */ = {
			isa = XCBuildConfiguration;
			buildSettings = {
				ASSETCATALOG_COMPILER_APPICON_NAME = AppIcon;
				INFOPLIST_FILE = CrearUnaPizza/Info.plist;
				LD_RUNPATH_SEARCH_PATHS = "$(inherited) @executable_path/Frameworks";
				PRODUCT_BUNDLE_IDENTIFIER = ts.CrearUnaPizza;
				PRODUCT_NAME = "$(TARGET_NAME)";
			};
			name = Release;
		};
/* End XCBuildConfiguration section */

/* Begin XCConfigurationList section */
		25D1CD0E1D1F031E002DCD40 /* Build configuration list for PBXProject "CrearUnaPizza" */ = {
			isa = XCConfigurationList;
			buildConfigurations = (
				25D1CD261D1F031E002DCD40 /* Debug */,
				25D1CD271D1F031E002DCD40 /* Release */,
			);
			defaultConfigurationIsVisible = 0;
			defaultConfigurationName = Release;
		};
		25D1CD281D1F031E002DCD40 /* Build configuration list for PBXNativeTarget "CrearUnaPizza" */ = {
			isa = XCConfigurationList;
			buildConfigurations = (
				25D1CD291D1F031E002DCD40 /* Debug */,
				25D1CD2A1D1F031E002DCD40 /* Release */,
			);
			defaultConfigurationIsVisible = 0;
			defaultConfigurationName = Release;
		};
/* End XCConfigurationList section */

/* Begin XCVersionGroup section */
		25D1CD1D1D1F031E002DCD40 /* CrearUnaPizza.xcdatamodeld */ = {
			isa = XCVersionGroup;
			children = (
				25D1CD1E1D1F031E002DCD40 /* CrearUnaPizza.xcdatamodel */,
			);
			currentVersion = 25D1CD1E1D1F031E002DCD40 /* CrearUnaPizza.xcdatamodel */;
			path = CrearUnaPizza.xcdatamodeld;
			sourceTree = "<group>";
			versionGroupType = wrapper.xcdatamodel;
		};
/* End XCVersionGroup section */
	};
	rootObject = 25D1CD0B1D1F031E002DCD40 /* Project object */;
}
